
Microsoft Visual Studio Solution File, Format Version 12.00
# Visual Studio Version 16
VisualStudioVersion = 16.0.29709.97
MinimumVisualStudioVersion = 10.0.40219.1
Project("{FAE04EC0-301F-11D3-BF4B-00C04F79EFBC}") = "DataAccessLayer", "DataAccessLayer\DataAccessLayer.csproj", "{4E0B8CF7-6372-40D2-9183-AC8141A3B54F}"
EndProject
Project("{FAE04EC0-301F-11D3-BF4B-00C04F79EFBC}") = "Models", "Models\Models.csproj", "{49C1FCE6-D60A-4EB1-8A34-9DAC15DB68B3}"
EndProject
Project("{FAE04EC0-301F-11D3-BF4B-00C04F79EFBC}") = "Services", "Services\Services.csproj", "{EAC49DD0-8353-4A51-815E-3CF853552FEB}"
EndProject
Project("{FAE04EC0-301F-11D3-BF4B-00C04F79EFBC}") = "SalesTrackingSystem", "SalesTrackingSystem\SalesTrackingSystem.csproj", "{2FA107D2-1C4D-421E-9D86-014B189F0270}"
EndProject
Global
	GlobalSection(SolutionConfigurationPlatforms) = preSolution
		Debug|Any CPU = Debug|Any CPU
		Release|Any CPU = Release|Any CPU
	EndGlobalSection
	GlobalSection(ProjectConfigurationPlatforms) = postSolution
		{4E0B8CF7-6372-40D2-9183-AC8141A3B54F}.Debug|Any CPU.ActiveCfg = Debug|Any CPU
		{4E0B8CF7-6372-40D2-9183-AC8141A3B54F}.Debug|Any CPU.Build.0 = Debug|Any CPU
		{4E0B8CF7-6372-40D2-9183-AC8141A3B54F}.Release|Any CPU.ActiveCfg = Release|Any CPU
		{4E0B8CF7-6372-40D2-9183-AC8141A3B54F}.Release|Any CPU.Build.0 = Release|Any CPU
		{49C1FCE6-D60A-4EB1-8A34-9DAC15DB68B3}.Debug|Any CPU.ActiveCfg = Debug|Any CPU
		{49C1FCE6-D60A-4EB1-8A34-9DAC15DB68B3}.Debug|Any CPU.Build.0 = Debug|Any CPU
		{49C1FCE6-D60A-4EB1-8A34-9DAC15DB68B3}.Release|Any CPU.ActiveCfg = Release|Any CPU
		{49C1FCE6-D60A-4EB1-8A34-9DAC15DB68B3}.Release|Any CPU.Build.0 = Release|Any CPU
		{EAC49DD0-8353-4A51-815E-3CF853552FEB}.Debug|Any CPU.ActiveCfg = Debug|Any CPU
		{EAC49DD0-8353-4A51-815E-3CF853552FEB}.Debug|Any CPU.Build.0 = Debug|Any CPU
		{EAC49DD0-8353-4A51-815E-3CF853552FEB}.Release|Any CPU.ActiveCfg = Release|Any CPU
		{EAC49DD0-8353-4A51-815E-3CF853552FEB}.Release|Any CPU.Build.0 = Release|Any CPU
		{2FA107D2-1C4D-421E-9D86-014B189F0270}.Debug|Any CPU.ActiveCfg = Debug|Any CPU
		{2FA107D2-1C4D-421E-9D86-014B189F0270}.Debug|Any CPU.Build.0 = Debug|Any CPU
		{2FA107D2-1C4D-421E-9D86-014B189F0270}.Release|Any CPU.ActiveCfg = Release|Any CPU
		{2FA107D2-1C4D-421E-9D86-014B189F0270}.Release|Any CPU.Build.0 = Release|Any CPU
	EndGlobalSection
	GlobalSection(SolutionProperties) = preSolution
		HideSolutionNode = FALSE
	EndGlobalSection
	GlobalSection(ExtensibilityGlobals) = postSolution
		SolutionGuid = {6E43B325-B0D4-47DB-8D4B-A89EF269A3F3}
	EndGlobalSection
EndGlobal
